{
  "object": {
    "pins": [
      {
        "package": "Covfefe",
        "repositoryURL": "https://github.com/palle-k/Covfefe.git",
        "state": {
          "branch": null,
          "revision": "9c5956c5ddfcc94e8223b763e993de1a01859544",
          "version": "0.2.0"
        }
      }
    ]
  },
  "version": 1
}
